
Microsoft Visual Studio Solution File, Format Version 12.00
# Visual Studio Version 17
VisualStudioVersion = 17.0.32126.317
MinimumVisualStudioVersion = 10.0.40219.1
Project("{FAE04EC0-301F-11D3-BF4B-00C04F79EFBC}") = "Transforms", "Transforms\Transforms.csproj", "{60F5171E-0413-43EA-92B7-92930AC18E4B}"
EndProject
Global
	GlobalSection(SolutionConfigurationPlatforms) = preSolution
		Debug|Any CPU = Debug|Any CPU
		Release|Any CPU = Release|Any CPU
	EndGlobalSection
	GlobalSection(ProjectConfigurationPlatforms) = postSolution
		{60F5171E-0413-43EA-92B7-92930AC18E4B}.Debug|Any CPU.ActiveCfg = Debug|Any CPU
		{60F5171E-0413-43EA-92B7-92930AC18E4B}.Debug|Any CPU.Build.0 = Debug|Any CPU
		{60F5171E-0413-43EA-92B7-92930AC18E4B}.Release|Any CPU.ActiveCfg = Release|Any CPU
		{60F5171E-0413-43EA-92B7-92930AC18E4B}.Release|Any CPU.Build.0 = Release|Any CPU
	EndGlobalSection
	GlobalSection(SolutionProperties) = preSolution
		HideSolutionNode = FALSE
	EndGlobalSection
	GlobalSection(ExtensibilityGlobals) = postSolution
		SolutionGuid = {FB867B84-8285-474E-9D8B-79F7046B6CCC}
	EndGlobalSection
EndGlobal
